
Microsoft Visual Studio Solution File, Format Version 12.00
# Visual Studio Version 17
VisualStudioVersion = 17.4.33205.214
MinimumVisualStudioVersion = 10.0.40219.1
Project("{FAE04EC0-301F-11D3-BF4B-00C04F79EFBC}") = "RockstarsAPI", "RockstarsAPI\RockstarsAPI.csproj", "{9DC7232B-3A91-466C-A7DB-D96313B4248E}"
EndProject
Global
	GlobalSection(SolutionConfigurationPlatforms) = preSolution
		Debug|Any CPU = Debug|Any CPU
		Release|Any CPU = Release|Any CPU
	EndGlobalSection
	GlobalSection(ProjectConfigurationPlatforms) = postSolution
		{9DC7232B-3A91-466C-A7DB-D96313B4248E}.Debug|Any CPU.ActiveCfg = Debug|Any CPU
		{9DC7232B-3A91-466C-A7DB-D96313B4248E}.Debug|Any CPU.Build.0 = Debug|Any CPU
		{9DC7232B-3A91-466C-A7DB-D96313B4248E}.Release|Any CPU.ActiveCfg = Release|Any CPU
		{9DC7232B-3A91-466C-A7DB-D96313B4248E}.Release|Any CPU.Build.0 = Release|Any CPU
	EndGlobalSection
	GlobalSection(SolutionProperties) = preSolution
		HideSolutionNode = FALSE
	EndGlobalSection
	GlobalSection(ExtensibilityGlobals) = postSolution
		SolutionGuid = {8E28C9D7-32F9-47C1-B7EE-419B1810A07E}
	EndGlobalSection
EndGlobal
